
Microsoft Visual Studio Solution File, Format Version 12.00
# Visual Studio Version 16
VisualStudioVersion = 16.0.31729.503
MinimumVisualStudioVersion = 10.0.40219.1
Project("{FAE04EC0-301F-11D3-BF4B-00C04F79EFBC}") = "BusBooking", "BusBooking\BusBooking.csproj", "{094B6B31-52BC-46D4-8074-44FEB6FDCFFB}"
EndProject
Global
	GlobalSection(SolutionConfigurationPlatforms) = preSolution
		Debug|Any CPU = Debug|Any CPU
		Release|Any CPU = Release|Any CPU
	EndGlobalSection
	GlobalSection(ProjectConfigurationPlatforms) = postSolution
		{094B6B31-52BC-46D4-8074-44FEB6FDCFFB}.Debug|Any CPU.ActiveCfg = Debug|Any CPU
		{094B6B31-52BC-46D4-8074-44FEB6FDCFFB}.Debug|Any CPU.Build.0 = Debug|Any CPU
		{094B6B31-52BC-46D4-8074-44FEB6FDCFFB}.Release|Any CPU.ActiveCfg = Release|Any CPU
		{094B6B31-52BC-46D4-8074-44FEB6FDCFFB}.Release|Any CPU.Build.0 = Release|Any CPU
	EndGlobalSection
	GlobalSection(SolutionProperties) = preSolution
		HideSolutionNode = FALSE
	EndGlobalSection
	GlobalSection(ExtensibilityGlobals) = postSolution
		SolutionGuid = {AE0F25BF-8B2C-48B2-911C-826DD01859B8}
	EndGlobalSection
EndGlobal
